
Microsoft Visual Studio Solution File, Format Version 12.00
# Visual Studio 15
VisualStudioVersion = 15.0.28307.572
MinimumVisualStudioVersion = 10.0.40219.1
Project("{FAE04EC0-301F-11D3-BF4B-00C04F79EFBC}") = "Matrix", "Matrix\Matrix.csproj", "{16DAB9F4-B408-4532-9E1B-2DDF3B389FEC}"
EndProject
Global
	GlobalSection(SolutionConfigurationPlatforms) = preSolution
		Debug|Any CPU = Debug|Any CPU
		Release|Any CPU = Release|Any CPU
	EndGlobalSection
	GlobalSection(ProjectConfigurationPlatforms) = postSolution
		{16DAB9F4-B408-4532-9E1B-2DDF3B389FEC}.Debug|Any CPU.ActiveCfg = Debug|Any CPU
		{16DAB9F4-B408-4532-9E1B-2DDF3B389FEC}.Debug|Any CPU.Build.0 = Debug|Any CPU
		{16DAB9F4-B408-4532-9E1B-2DDF3B389FEC}.Release|Any CPU.ActiveCfg = Release|Any CPU
		{16DAB9F4-B408-4532-9E1B-2DDF3B389FEC}.Release|Any CPU.Build.0 = Release|Any CPU
	EndGlobalSection
	GlobalSection(SolutionProperties) = preSolution
		HideSolutionNode = FALSE
	EndGlobalSection
	GlobalSection(ExtensibilityGlobals) = postSolution
		SolutionGuid = {75924D29-FFED-4CCD-8F3B-E0D007ACB273}
	EndGlobalSection
EndGlobal
